// !$*UTF8*$!
{
	archiveVersion = 1;
	classes = {
	};
	objectVersion = 48;
	objects = {

/* Begin PBXBuildFile section */
		39D947021FCD4C4E003CB139 /* AppDelegate.swift in Sources */ = {isa = PBXBuildFile; fileRef = 39D947011FCD4C4E003CB139 /* AppDelegate.swift */; };
		39D947041FCD4C4E003CB139 /* ViewController.swift in Sources */ = {isa = PBXBuildFile; fileRef = 39D947031FCD4C4E003CB139 /* ViewController.swift */; };
		39D947071FCD4C4E003CB139 /* Main.storyboard in Resources */ = {isa = PBXBuildFile; fileRef = 39D947051FCD4C4E003CB139 /* Main.storyboard */; };
		39D947091FCD4C4E003CB139 /* Assets.xcassets in Resources */ = {isa = PBXBuildFile; fileRef = 39D947081FCD4C4E003CB139 /* Assets.xcassets */; };
		39D9470C1FCD4C4E003CB139 /* LaunchScreen.storyboard in Resources */ = {isa = PBXBuildFile; fileRef = 39D9470A1FCD4C4E003CB139 /* LaunchScreen.storyboard */; };
		39D947171FCD4C4E003CB139 /* NeoChGKTests.swift in Sources */ = {isa = PBXBuildFile; fileRef = 39D947161FCD4C4E003CB139 /* NeoChGKTests.swift */; };
		39D947221FCD4C4E003CB139 /* NeoChGKUITests.swift in Sources */ = {isa = PBXBuildFile; fileRef = 39D947211FCD4C4E003CB139 /* NeoChGKUITests.swift */; };
/* End PBXBuildFile section */

/* Begin PBXContainerItemProxy section */
		39D947131FCD4C4E003CB139 /* PBXContainerItemProxy */ = {
			isa = PBXContainerItemProxy;
			containerPortal = 39D946F61FCD4C4D003CB139 /* Project object */;
			proxyType = 1;
			remoteGlobalIDString = 39D946FD1FCD4C4E003CB139;
			remoteInfo = NeoChGK;
		};
		39D9471E1FCD4C4E003CB139 /* PBXContainerItemProxy */ = {
			isa = PBXContainerItemProxy;
			containerPortal = 39D946F61FCD4C4D003CB139 /* Project object */;
			proxyType = 1;
			remoteGlobalIDString = 39D946FD1FCD4C4E003CB139;
			remoteInfo = NeoChGK;
		};
/* End PBXContainerItemProxy section */

/* Begin PBXFileReference section */
		39D946FE1FCD4C4E003CB139 /* NeoChGK.app */ = {isa = PBXFileReference; explicitFileType = wrapper.application; includeInIndex = 0; path = NeoChGK.app; sourceTree = BUILT_PRODUCTS_DIR; };
		39D947011FCD4C4E003CB139 /* AppDelegate.swift */ = {isa = PBXFileReference; lastKnownFileType = sourcecode.swift; path = AppDelegate.swift; sourceTree = "<group>"; };
		39D947031FCD4C4E003CB139 /* ViewController.swift */ = {isa = PBXFileReference; lastKnownFileType = sourcecode.swift; path = ViewController.swift; sourceTree = "<group>"; };
		39D947061FCD4C4E003CB139 /* Base */ = {isa = PBXFileReference; lastKnownFileType = file.storyboard; name = Base; path = Base.lproj/Main.storyboard; sourceTree = "<group>"; };
		39D947081FCD4C4E003CB139 /* Assets.xcassets */ = {isa = PBXFileReference; lastKnownFileType = folder.assetcatalog; path = Assets.xcassets; sourceTree = "<group>"; };
		39D9470B1FCD4C4E003CB139 /* Base */ = {isa = PBXFileReference; lastKnownFileType = file.storyboard; name = Base; path = Base.lproj/LaunchScreen.storyboard; sourceTree = "<group>"; };
		39D9470D1FCD4C4E003CB139 /* Info.plist */ = {isa = PBXFileReference; lastKnownFileType = text.plist.xml; path = Info.plist; sourceTree = "<group>"; };
		39D947121FCD4C4E003CB139 /* NeoChGKTests.xctest */ = {isa = PBXFileReference; explicitFileType = wrapper.cfbundle; includeInIndex = 0; path = NeoChGKTests.xctest; sourceTree = BUILT_PRODUCTS_DIR; };
		39D947161FCD4C4E003CB139 /* NeoChGKTests.swift */ = {isa = PBXFileReference; lastKnownFileType = sourcecode.swift; path = NeoChGKTests.swift; sourceTree = "<group>"; };
		39D947181FCD4C4E003CB139 /* Info.plist */ = {isa = PBXFileReference; lastKnownFileType = text.plist.xml; path = Info.plist; sourceTree = "<group>"; };
		39D9471D1FCD4C4E003CB139 /* NeoChGKUITests.xctest */ = {isa = PBXFileReference; explicitFileType = wrapper.cfbundle; includeInIndex = 0; path = NeoChGKUITests.xctest; sourceTree = BUILT_PRODUCTS_DIR; };
		39D947211FCD4C4E003CB139 /* NeoChGKUITests.swift */ = {isa = PBXFileReference; lastKnownFileType = sourcecode.swift; path = NeoChGKUITests.swift; sourceTree = "<group>"; };
		39D947231FCD4C4F003CB139 /* Info.plist */ = {isa = PBXFileReference; lastKnownFileType = text.plist.xml; path = Info.plist; sourceTree = "<group>"; };
/* End PBXFileReference section */

/* Begin PBXFrameworksBuildPhase section */
		39D946FB1FCD4C4E003CB139 /* Frameworks */ = {
			isa = PBXFrameworksBuildPhase;
			buildActionMask = 2147483647;
			files = (
			);
			runOnlyForDeploymentPostprocessing = 0;
		};
		39D9470F1FCD4C4E003CB139 /* Frameworks */ = {
			isa = PBXFrameworksBuildPhase;
			buildActionMask = 2147483647;
			files = (
			);
			runOnlyForDeploymentPostprocessing = 0;
		};
		39D9471A1FCD4C4E003CB139 /* Frameworks */ = {
			isa = PBXFrameworksBuildPhase;
			buildActionMask = 2147483647;
			files = (
			);
			runOnlyForDeploymentPostprocessing = 0;
		};
/* End PBXFrameworksBuildPhase section */

/* Begin PBXGroup section */
		39D946F51FCD4C4D003CB139 = {
			isa = PBXGroup;
			children = (
				39D947001FCD4C4E003CB139 /* NeoChGK */,
				39D947151FCD4C4E003CB139 /* NeoChGKTests */,
				39D947201FCD4C4E003CB139 /* NeoChGKUITests */,
				39D946FF1FCD4C4E003CB139 /* Products */,
			);
			sourceTree = "<group>";
		};
		39D946FF1FCD4C4E003CB139 /* Products */ = {
			isa = PBXGroup;
			children = (
				39D946FE1FCD4C4E003CB139 /* NeoChGK.app */,
				39D947121FCD4C4E003CB139 /* NeoChGKTests.xctest */,
				39D9471D1FCD4C4E003CB139 /* NeoChGKUITests.xctest */,
			);
			name = Products;
			sourceTree = "<group>";
		};
		39D947001FCD4C4E003CB139 /* NeoChGK */ = {
			isa = PBXGroup;
			children = (
				39D947011FCD4C4E003CB139 /* AppDelegate.swift */,
				39D947031FCD4C4E003CB139 /* ViewController.swift */,
				39D947051FCD4C4E003CB139 /* Main.storyboard */,
				39D947081FCD4C4E003CB139 /* Assets.xcassets */,
				39D9470A1FCD4C4E003CB139 /* LaunchScreen.storyboard */,
				39D9470D1FCD4C4E003CB139 /* Info.plist */,
			);
			path = NeoChGK;
			sourceTree = "<group>";
		};
		39D947151FCD4C4E003CB139 /* NeoChGKTests */ = {
			isa = PBXGroup;
			children = (
				39D947161FCD4C4E003CB139 /* NeoChGKTests.swift */,
				39D947181FCD4C4E003CB139 /* Info.plist */,
			);
			path = NeoChGKTests;
			sourceTree = "<group>";
		};
		39D947201FCD4C4E003CB139 /* NeoChGKUITests */ = {
			isa = PBXGroup;
			children = (
				39D947211FCD4C4E003CB139 /* NeoChGKUITests.swift */,
				39D947231FCD4C4F003CB139 /* Info.plist */,
			);
			path = NeoChGKUITests;
			sourceTree = "<group>";
		};
/* End PBXGroup section */

/* Begin PBXNativeTarget section */
		39D946FD1FCD4C4E003CB139 /* NeoChGK */ = {
			isa = PBXNativeTarget;
			buildConfigurationList = 39D947261FCD4C4F003CB139 /* Build configuration list for PBXNativeTarget "NeoChGK" */;
			buildPhases = (
				39D946FA1FCD4C4E003CB139 /* Sources */,
				39D946FB1FCD4C4E003CB139 /* Frameworks */,
				39D946FC1FCD4C4E003CB139 /* Resources */,
			);
			buildRules = (
			);
			dependencies = (
			);
			name = NeoChGK;
			productName = NeoChGK;
			productReference = 39D946FE1FCD4C4E003CB139 /* NeoChGK.app */;
			productType = "com.apple.product-type.application";
		};
		39D947111FCD4C4E003CB139 /* NeoChGKTests */ = {
			isa = PBXNativeTarget;
			buildConfigurationList = 39D947291FCD4C4F003CB139 /* Build configuration list for PBXNativeTarget "NeoChGKTests" */;
			buildPhases = (
				39D9470E1FCD4C4E003CB139 /* Sources */,
				39D9470F1FCD4C4E003CB139 /* Frameworks */,
				39D947101FCD4C4E003CB139 /* Resources */,
			);
			buildRules = (
			);
			dependencies = (
				39D947141FCD4C4E003CB139 /* PBXTargetDependency */,
			);
			name = NeoChGKTests;
			productName = NeoChGKTests;
			productReference = 39D947121FCD4C4E003CB139 /* NeoChGKTests.xctest */;
			productType = "com.apple.product-type.bundle.unit-test";
		};
		39D9471C1FCD4C4E003CB139 /* NeoChGKUITests */ = {
			isa = PBXNativeTarget;
			buildConfigurationList = 39D9472C1FCD4C4F003CB139 /* Build configuration list for PBXNativeTarget "NeoChGKUITests" */;
			buildPhases = (
				39D947191FCD4C4E003CB139 /* Sources */,
				39D9471A1FCD4C4E003CB139 /* Frameworks */,
				39D9471B1FCD4C4E003CB139 /* Resources */,
			);
			buildRules = (
			);
			dependencies = (
				39D9471F1FCD4C4E003CB139 /* PBXTargetDependency */,
			);
			name = NeoChGKUITests;
			productName = NeoChGKUITests;
			productReference = 39D9471D1FCD4C4E003CB139 /* NeoChGKUITests.xctest */;
			productType = "com.apple.product-type.bundle.ui-testing";
		};
/* End PBXNativeTarget section */

/* Begin PBXProject section */
		39D946F61FCD4C4D003CB139 /* Project object */ = {
			isa = PBXProject;
			attributes = {
				LastSwiftUpdateCheck = 0910;
				LastUpgradeCheck = 0910;
				ORGANIZATIONNAME = "Alexandr Arkhipov";
				TargetAttributes = {
					39D946FD1FCD4C4E003CB139 = {
						CreatedOnToolsVersion = 9.1;
						ProvisioningStyle = Automatic;
					};
					39D947111FCD4C4E003CB139 = {
						CreatedOnToolsVersion = 9.1;
						ProvisioningStyle = Automatic;
						TestTargetID = 39D946FD1FCD4C4E003CB139;
					};
					39D9471C1FCD4C4E003CB139 = {
						CreatedOnToolsVersion = 9.1;
						ProvisioningStyle = Automatic;
						TestTargetID = 39D946FD1FCD4C4E003CB139;
					};
				};
			};
			buildConfigurationList = 39D946F91FCD4C4D003CB139 /* Build configuration list for PBXProject "NeoChGK" */;
			compatibilityVersion = "Xcode 8.0";
			developmentRegion = en;
			hasScannedForEncodings = 0;
			knownRegions = (
				en,
				Base,
			);
			mainGroup = 39D946F51FCD4C4D003CB139;
			productRefGroup = 39D946FF1FCD4C4E003CB139 /* Products */;
			projectDirPath = "";
			projectRoot = "";
			targets = (
				39D946FD1FCD4C4E003CB139 /* NeoChGK */,
				39D947111FCD4C4E003CB139 /* NeoChGKTests */,
				39D9471C1FCD4C4E003CB139 /* NeoChGKUITests */,
			);
		};
/* End PBXProject section */

/* Begin PBXResourcesBuildPhase section */
		39D946FC1FCD4C4E003CB139 /* Resources */ = {
			isa = PBXResourcesBuildPhase;
			buildActionMask = 2147483647;
			files = (
				39D9470C1FCD4C4E003CB139 /* LaunchScreen.storyboard in Resources */,
				39D947091FCD4C4E003CB139 /* Assets.xcassets in Resources */,
				39D947071FCD4C4E003CB139 /* Main.storyboard in Resources */,
			);
			runOnlyForDeploymentPostprocessing = 0;
		};
		39D947101FCD4C4E003CB139 /* Resources */ = {
			isa = PBXResourcesBuildPhase;
			buildActionMask = 2147483647;
			files = (
			);
			runOnlyForDeploymentPostprocessing = 0;
		};
		39D9471B1FCD4C4E003CB139 /* Resources */ = {
			isa = PBXResourcesBuildPhase;
			buildActionMask = 2147483647;
			files = (
			);
			runOnlyForDeploymentPostprocessing = 0;
		};
/* End PBXResourcesBuildPhase section */

/* Begin PBXSourcesBuildPhase section */
		39D946FA1FCD4C4E003CB139 /* Sources */ = {
			isa = PBXSourcesBuildPhase;
			buildActionMask = 2147483647;
			files = (
				39D947041FCD4C4E003CB139 /* ViewController.swift in Sources */,
				39D947021FCD4C4E003CB139 /* AppDelegate.swift in Sources */,
			);
			runOnlyForDeploymentPostprocessing = 0;
		};
		39D9470E1FCD4C4E003CB139 /* Sources */ = {
			isa = PBXSourcesBuildPhase;
			buildActionMask = 2147483647;
			files = (
				39D947171FCD4C4E003CB139 /* NeoChGKTests.swift in Sources */,
			);
			runOnlyForDeploymentPostprocessing = 0;
		};
		39D947191FCD4C4E003CB139 /* Sources */ = {
			isa = PBXSourcesBuildPhase;
			buildActionMask = 2147483647;
			files = (
				39D947221FCD4C4E003CB139 /* NeoChGKUITests.swift in Sources */,
			);
			runOnlyForDeploymentPostprocessing = 0;
		};
/* End PBXSourcesBuildPhase section */

/* Begin PBXTargetDependency section */
		39D947141FCD4C4E003CB139 /* PBXTargetDependency */ = {
			isa = PBXTargetDependency;
			target = 39D946FD1FCD4C4E003CB139 /* NeoChGK */;
			targetProxy = 39D947131FCD4C4E003CB139 /* PBXContainerItemProxy */;
		};
		39D9471F1FCD4C4E003CB139 /* PBXTargetDependency */ = {
			isa = PBXTargetDependency;
			target = 39D946FD1FCD4C4E003CB139 /* NeoChGK */;
			targetProxy = 39D9471E1FCD4C4E003CB139 /* PBXContainerItemProxy */;
		};
/* End PBXTargetDependency section */

/* Begin PBXVariantGroup section */
		39D947051FCD4C4E003CB139 /* Main.storyboard */ = {
			isa = PBXVariantGroup;
			children = (
				39D947061FCD4C4E003CB139 /* Base */,
			);
			name = Main.storyboard;
			sourceTree = "<group>";
		};
		39D9470A1FCD4C4E003CB139 /* LaunchScreen.storyboard */ = {
			isa = PBXVariantGroup;
			children = (
				39D9470B1FCD4C4E003CB139 /* Base */,
			);
			name = LaunchScreen.storyboard;
			sourceTree = "<group>";
		};
/* End PBXVariantGroup section */

/* Begin XCBuildConfiguration section */
		39D947241FCD4C4F003CB139 /* Debug */ = {
			isa = XCBuildConfiguration;
			buildSettings = {
				ALWAYS_SEARCH_USER_PATHS = NO;
				CLANG_ANALYZER_NONNULL = YES;
				CLANG_ANALYZER_NUMBER_OBJECT_CONVERSION = YES_AGGRESSIVE;
				CLANG_CXX_LANGUAGE_STANDARD = "gnu++14";
				CLANG_CXX_LIBRARY = "libc++";
				CLANG_ENABLE_MODULES = YES;
				CLANG_ENABLE_OBJC_ARC = YES;
				CLANG_WARN_BLOCK_CAPTURE_AUTORELEASING = YES;
				CLANG_WARN_BOOL_CONVERSION = YES;
				CLANG_WARN_COMMA = YES;
				CLANG_WARN_CONSTANT_CONVERSION = YES;
				CLANG_WARN_DIRECT_OBJC_ISA_USAGE = YES_ERROR;
				CLANG_WARN_DOCUMENTATION_COMMENTS = YES;
				CLANG_WARN_EMPTY_BODY = YES;
				CLANG_WARN_ENUM_CONVERSION = YES;
				CLANG_WARN_INFINITE_RECURSION = YES;
				CLANG_WARN_INT_CONVERSION = YES;
				CLANG_WARN_NON_LITERAL_NULL_CONVERSION = YES;
				CLANG_WARN_OBJC_LITERAL_CONVERSION = YES;
				CLANG_WARN_OBJC_ROOT_CLASS = YES_ERROR;
				CLANG_WARN_RANGE_LOOP_ANALYSIS = YES;
				CLANG_WARN_STRICT_PROTOTYPES = YES;
				CLANG_WARN_SUSPICIOUS_MOVE = YES;
				CLANG_WARN_UNGUARDED_AVAILABILITY = YES_AGGRESSIVE;
				CLANG_WARN_UNREACHABLE_CODE = YES;
				CLANG_WARN__DUPLICATE_METHOD_MATCH = YES;
				CODE_SIGN_IDENTITY = "iPhone Developer";
				COPY_PHASE_STRIP = NO;
				DEBUG_INFORMATION_FORMAT = dwarf;
				ENABLE_STRICT_OBJC_MSGSEND = YES;
				ENABLE_TESTABILITY = YES;
				GCC_C_LANGUAGE_STANDARD = gnu11;
				GCC_DYNAMIC_NO_PIC = NO;
				GCC_NO_COMMON_BLOCKS = YES;
				GCC_OPTIMIZATION_LEVEL = 0;
				GCC_PREPROCESSOR_DEFINITIONS = (
					"DEBUG=1",
					"$(inherited)",
				);
				GCC_WARN_64_TO_32_BIT_CONVERSION = YES;
				GCC_WARN_ABOUT_RETURN_TYPE = YES_ERROR;
				GCC_WARN_UNDECLARED_SELECTOR = YES;
				GCC_WARN_UNINITIALIZED_AUTOS = YES_AGGRESSIVE;
				GCC_WARN_UNUSED_FUNCTION = YES;
				GCC_WARN_UNUSED_VARIABLE = YES;
				IPHONEOS_DEPLOYMENT_TARGET = 11.1;
				MTL_ENABLE_DEBUG_INFO = YES;
				ONLY_ACTIVE_ARCH = YES;
				SDKROOT = iphoneos;
				SWIFT_ACTIVE_COMPILATION_CONDITIONS = DEBUG;
				SWIFT_OPTIMIZATION_LEVEL = "-Onone";
			};
			name = Debug;
		};
		39D947251FCD4C4F003CB139 /* Release */ = {
			isa = XCBuildConfiguration;
			buildSettings = {
				ALWAYS_SEARCH_USER_PATHS = NO;
				CLANG_ANALYZER_NONNULL = YES;
				CLANG_ANALYZER_NUMBER_OBJECT_CONVERSION = YES_AGGRESSIVE;
				CLANG_CXX_LANGUAGE_STANDARD = "gnu++14";
				CLANG_CXX_LIBRARY = "libc++";
				CLANG_ENABLE_MODULES = YES;
				CLANG_ENABLE_OBJC_ARC = YES;
				CLANG_WARN_BLOCK_CAPTURE_AUTORELEASING = YES;
				CLANG_WARN_BOOL_CONVERSION = YES;
				CLANG_WARN_COMMA = YES;
				CLANG_WARN_CONSTANT_CONVERSION = YES;
				CLANG_WARN_DIRECT_OBJC_ISA_USAGE = YES_ERROR;
				CLANG_WARN_DOCUMENTATION_COMMENTS = YES;
				CLANG_WARN_EMPTY_BODY = YES;
				CLANG_WARN_ENUM_CONVERSION = YES;
				CLANG_WARN_INFINITE_RECURSION = YES;
				CLANG_WARN_INT_CONVERSION = YES;
				CLANG_WARN_NON_LITERAL_NULL_CONVERSION = YES;
				CLANG_WARN_OBJC_LITERAL_CONVERSION = YES;
				CLANG_WARN_OBJC_ROOT_CLASS = YES_ERROR;
				CLANG_WARN_RANGE_LOOP_ANALYSIS = YES;
				CLANG_WARN_STRICT_PROTOTYPES = YES;
				CLANG_WARN_SUSPICIOUS_MOVE = YES;
				CLANG_WARN_UNGUARDED_AVAILABILITY = YES_AGGRESSIVE;
				CLANG_WARN_UNREACHABLE_CODE = YES;
				CLANG_WARN__DUPLICATE_METHOD_MATCH = YES;
				CODE_SIGN_IDENTITY = "iPhone Developer";
				COPY_PHASE_STRIP = NO;
				DEBUG_INFORMATION_FORMAT = "dwarf-with-dsym";
				ENABLE_NS_ASSERTIONS = NO;
				ENABLE_STRICT_OBJC_MSGSEND = YES;
				GCC_C_LANGUAGE_STANDARD = gnu11;
				GCC_NO_COMMON_BLOCKS = YES;
				GCC_WARN_64_TO_32_BIT_CONVERSION = YES;
				GCC_WARN_ABOUT_RETURN_TYPE = YES_ERROR;
				GCC_WARN_UNDECLARED_SELECTOR = YES;
				GCC_WARN_UNINITIALIZED_AUTOS = YES_AGGRESSIVE;
				GCC_WARN_UNUSED_FUNCTION = YES;
				GCC_WARN_UNUSED_VARIABLE = YES;
				IPHONEOS_DEPLOYMENT_TARGET = 11.1;
				MTL_ENABLE_DEBUG_INFO = NO;
				SDKROOT = iphoneos;
				SWIFT_OPTIMIZATION_LEVEL = "-Owholemodule";
				VALIDATE_PRODUCT = YES;
			};
			name = Release;
		};
		39D947271FCD4C4F003CB139 /* Debug */ = {
			isa = XCBuildConfiguration;
			buildSettings = {
				ASSETCATALOG_COMPILER_APPICON_NAME = AppIcon;
				CODE_SIGN_STYLE = Automatic;
				INFOPLIST_FILE = NeoChGK/Info.plist;
				LD_RUNPATH_SEARCH_PATHS = "$(inherited) @executable_path/Frameworks";
				PRODUCT_BUNDLE_IDENTIFIER = "com.alex-arkhipov.NeoChGK";
				PRODUCT_NAME = "$(TARGET_NAME)";
				SWIFT_VERSION = 4.0;
				TARGETED_DEVICE_FAMILY = "1,2";
			};
			name = Debug;
		};
		39D947281FCD4C4F003CB139 /* Release */ = {
			isa = XCBuildConfiguration;
			buildSettings = {
				ASSETCATALOG_COMPILER_APPICON_NAME = AppIcon;
				CODE_SIGN_STYLE = Automatic;
				INFOPLIST_FILE = NeoChGK/Info.plist;
				LD_RUNPATH_SEARCH_PATHS = "$(inherited) @executable_path/Frameworks";
				PRODUCT_BUNDLE_IDENTIFIER = "com.alex-arkhipov.NeoChGK";
				PRODUCT_NAME = "$(TARGET_NAME)";
				SWIFT_VERSION = 4.0;
				TARGETED_DEVICE_FAMILY = "1,2";
			};
			name = Release;
		};
		39D9472A1FCD4C4F003CB139 /* Debug */ = {
			isa = XCBuildConfiguration;
			buildSettings = {
				ALWAYS_EMBED_SWIFT_STANDARD_LIBRARIES = YES;
				BUNDLE_LOADER = "$(TEST_HOST)";
				CODE_SIGN_STYLE = Automatic;
				INFOPLIST_FILE = NeoChGKTests/Info.plist;
				LD_RUNPATH_SEARCH_PATHS = "$(inherited) @executable_path/Frameworks @loader_path/Frameworks";
				PRODUCT_BUNDLE_IDENTIFIER = "com.alex-arkhipov.NeoChGKTests";
				PRODUCT_NAME = "$(TARGET_NAME)";
				SWIFT_VERSION = 4.0;
				TARGETED_DEVICE_FAMILY = "1,2";
				TEST_HOST = "$(BUILT_PRODUCTS_DIR)/NeoChGK.app/NeoChGK";
			};
			name = Debug;
		};
		39D9472B1FCD4C4F003CB139 /* Release */ = {
			isa = XCBuildConfiguration;
			buildSettings = {
				ALWAYS_EMBED_SWIFT_STANDARD_LIBRARIES = YES;
				BUNDLE_LOADER = "$(TEST_HOST)";
				CODE_SIGN_STYLE = Automatic;
				INFOPLIST_FILE = NeoChGKTests/Info.plist;
				LD_RUNPATH_SEARCH_PATHS = "$(inherited) @executable_path/Frameworks @loader_path/Frameworks";
				PRODUCT_BUNDLE_IDENTIFIER = "com.alex-arkhipov.NeoChGKTests";
				PRODUCT_NAME = "$(TARGET_NAME)";
				SWIFT_VERSION = 4.0;
				TARGETED_DEVICE_FAMILY = "1,2";
				TEST_HOST = "$(BUILT_PRODUCTS_DIR)/NeoChGK.app/NeoChGK";
			};
			name = Release;
		};
		39D9472D1FCD4C4F003CB139 /* Debug */ = {
			isa = XCBuildConfiguration;
			buildSettings = {
				ALWAYS_EMBED_SWIFT_STANDARD_LIBRARIES = YES;
				CODE_SIGN_STYLE = Automatic;
				INFOPLIST_FILE = NeoChGKUITests/Info.plist;
				LD_RUNPATH_SEARCH_PATHS = "$(inherited) @executable_path/Frameworks @loader_path/Frameworks";
				PRODUCT_BUNDLE_IDENTIFIER = "com.alex-arkhipov.NeoChGKUITests";
				PRODUCT_NAME = "$(TARGET_NAME)";
				SWIFT_VERSION = 4.0;
				TARGETED_DEVICE_FAMILY = "1,2";
				TEST_TARGET_NAME = NeoChGK;
			};
			name = Debug;
		};
		39D9472E1FCD4C4F003CB139 /* Release */ = {
			isa = XCBuildConfiguration;
			buildSettings = {
				ALWAYS_EMBED_SWIFT_STANDARD_LIBRARIES = YES;
				CODE_SIGN_STYLE = Automatic;
				INFOPLIST_FILE = NeoChGKUITests/Info.plist;
				LD_RUNPATH_SEARCH_PATHS = "$(inherited) @executable_path/Frameworks @loader_path/Frameworks";
				PRODUCT_BUNDLE_IDENTIFIER = "com.alex-arkhipov.NeoChGKUITests";
				PRODUCT_NAME = "$(TARGET_NAME)";
				SWIFT_VERSION = 4.0;
				TARGETED_DEVICE_FAMILY = "1,2";
				TEST_TARGET_NAME = NeoChGK;
			};
			name = Release;
		};
/* End XCBuildConfiguration section */

/* Begin XCConfigurationList section */
		39D946F91FCD4C4D003CB139 /* Build configuration list for PBXProject "NeoChGK" */ = {
			isa = XCConfigurationList;
			buildConfigurations = (
				39D947241FCD4C4F003CB139 /* Debug */,
				39D947251FCD4C4F003CB139 /* Release */,
			);
			defaultConfigurationIsVisible = 0;
			defaultConfigurationName = Release;
		};
		39D947261FCD4C4F003CB139 /* Build configuration list for PBXNativeTarget "NeoChGK" */ = {
			isa = XCConfigurationList;
			buildConfigurations = (
				39D947271FCD4C4F003CB139 /* Debug */,
				39D947281FCD4C4F003CB139 /* Release */,
			);
			defaultConfigurationIsVisible = 0;
			defaultConfigurationName = Release;
		};
		39D947291FCD4C4F003CB139 /* Build configuration list for PBXNativeTarget "NeoChGKTests" */ = {
			isa = XCConfigurationList;
			buildConfigurations = (
				39D9472A1FCD4C4F003CB139 /* Debug */,
				39D9472B1FCD4C4F003CB139 /* Release */,
			);
			defaultConfigurationIsVisible = 0;
			defaultConfigurationName = Release;
		};
		39D9472C1FCD4C4F003CB139 /* Build configuration list for PBXNativeTarget "NeoChGKUITests" */ = {
			isa = XCConfigurationList;
			buildConfigurations = (
				39D9472D1FCD4C4F003CB139 /* Debug */,
				39D9472E1FCD4C4F003CB139 /* Release */,
			);
			defaultConfigurationIsVisible = 0;
			defaultConfigurationName = Release;
		};
/* End XCConfigurationList section */
	};
	rootObject = 39D946F61FCD4C4D003CB139 /* Project object */;
}
